
Microsoft Visual Studio Solution File, Format Version 12.00
# Visual Studio 2012
Project("{FAE04EC0-301F-11D3-BF4B-00C04F79EFBC}") = "demo", "demo\demo.csproj", "{464EC921-F926-4AF5-95CD-88EAE8D0A2FB}"
EndProject
Project("{FAE04EC0-301F-11D3-BF4B-00C04F79EFBC}") = "dialogic", "dialogic\dialogic.csproj", "{C245A1B1-B170-4CB4-9D19-AE53C5FBE603}"
EndProject
Project("{FAE04EC0-301F-11D3-BF4B-00C04F79EFBC}") = "tests", "tests\tests.csproj", "{9E587B3D-711A-4E97-82CA-15B4ED075FDC}"
EndProject
Project("{FAE04EC0-301F-11D3-BF4B-00C04F79EFBC}") = "editor", "editor\editor.csproj", "{53BC414E-E953-4ECA-8717-4FDEC4517D58}"
EndProject
Global
	GlobalSection(SolutionConfigurationPlatforms) = preSolution
		Debug|Any CPU = Debug|Any CPU
		Release|Any CPU = Release|Any CPU
	EndGlobalSection
	GlobalSection(ProjectConfigurationPlatforms) = postSolution
		{464EC921-F926-4AF5-95CD-88EAE8D0A2FB}.Debug|Any CPU.ActiveCfg = Debug|Any CPU
		{464EC921-F926-4AF5-95CD-88EAE8D0A2FB}.Debug|Any CPU.Build.0 = Debug|Any CPU
		{464EC921-F926-4AF5-95CD-88EAE8D0A2FB}.Release|Any CPU.ActiveCfg = Release|Any CPU
		{464EC921-F926-4AF5-95CD-88EAE8D0A2FB}.Release|Any CPU.Build.0 = Release|Any CPU
		{C245A1B1-B170-4CB4-9D19-AE53C5FBE603}.Debug|Any CPU.ActiveCfg = Debug|Any CPU
		{C245A1B1-B170-4CB4-9D19-AE53C5FBE603}.Debug|Any CPU.Build.0 = Debug|Any CPU
		{C245A1B1-B170-4CB4-9D19-AE53C5FBE603}.Release|Any CPU.ActiveCfg = Release|Any CPU
		{C245A1B1-B170-4CB4-9D19-AE53C5FBE603}.Release|Any CPU.Build.0 = Release|Any CPU
		{9E587B3D-711A-4E97-82CA-15B4ED075FDC}.Debug|Any CPU.ActiveCfg = Debug|Any CPU
		{9E587B3D-711A-4E97-82CA-15B4ED075FDC}.Debug|Any CPU.Build.0 = Debug|Any CPU
		{9E587B3D-711A-4E97-82CA-15B4ED075FDC}.Release|Any CPU.ActiveCfg = Release|Any CPU
		{9E587B3D-711A-4E97-82CA-15B4ED075FDC}.Release|Any CPU.Build.0 = Release|Any CPU
		{DA2B198A-09F6-4E13-ABC7-D497ADAE5116}.Debug|Any CPU.ActiveCfg = Debug|Any CPU
		{DA2B198A-09F6-4E13-ABC7-D497ADAE5116}.Debug|Any CPU.Build.0 = Debug|Any CPU
		{DA2B198A-09F6-4E13-ABC7-D497ADAE5116}.Release|Any CPU.ActiveCfg = Release|Any CPU
		{DA2B198A-09F6-4E13-ABC7-D497ADAE5116}.Release|Any CPU.Build.0 = Release|Any CPU
		{53BC414E-E953-4ECA-8717-4FDEC4517D58}.Debug|Any CPU.ActiveCfg = Debug|Any CPU
		{53BC414E-E953-4ECA-8717-4FDEC4517D58}.Debug|Any CPU.Build.0 = Debug|Any CPU
		{53BC414E-E953-4ECA-8717-4FDEC4517D58}.Release|Any CPU.ActiveCfg = Release|Any CPU
		{53BC414E-E953-4ECA-8717-4FDEC4517D58}.Release|Any CPU.Build.0 = Release|Any CPU
	EndGlobalSection
EndGlobal
