
Microsoft Visual Studio Solution File, Format Version 12.00
# Visual Studio 2017
Project("{FAE04EC0-301F-11D3-BF4B-00C04F79EFBC}") = "dialogic", "dialogic.csproj", "{8A3D6A38-6135-4995-8EDC-692D43540983}"
EndProject
Global
	GlobalSection(SolutionConfigurationPlatforms) = preSolution
		Debug|Any CPU = Debug|Any CPU
		Release|Any CPU = Release|Any CPU
	EndGlobalSection
	GlobalSection(ProjectConfigurationPlatforms) = postSolution
		{8A3D6A38-6135-4995-8EDC-692D43540983}.Debug|Any CPU.ActiveCfg = Debug|Any CPU
		{8A3D6A38-6135-4995-8EDC-692D43540983}.Debug|Any CPU.Build.0 = Debug|Any CPU
		{8A3D6A38-6135-4995-8EDC-692D43540983}.Release|Any CPU.ActiveCfg = Release|Any CPU
		{8A3D6A38-6135-4995-8EDC-692D43540983}.Release|Any CPU.Build.0 = Release|Any CPU
	EndGlobalSection
EndGlobal
